// !$*UTF8*$!
{
	archiveVersion = 1;
	classes = {
	};
	objectVersion = 56;
	objects = {

/* Begin PBXBuildFile section */
		84CBE8EB28E7356A0093681A /* GPS_Speed_Limit_MonitorApp.swift in Sources */ = {isa = PBXBuildFile; fileRef = 84CBE8EA28E7356A0093681A /* GPS_Speed_Limit_MonitorApp.swift */; };
		84CBE8ED28E7356A0093681A /* ContentView.swift in Sources */ = {isa = PBXBuildFile; fileRef = 84CBE8EC28E7356A0093681A /* ContentView.swift */; };
		84CBE8EF28E7356D0093681A /* Assets.xcassets in Resources */ = {isa = PBXBuildFile; fileRef = 84CBE8EE28E7356D0093681A /* Assets.xcassets */; };
		84CBE8F228E7356D0093681A /* Preview Assets.xcassets in Resources */ = {isa = PBXBuildFile; fileRef = 84CBE8F128E7356D0093681A /* Preview Assets.xcassets */; };
		D00B187229BA2D70006A2D84 /* MonitorView.swift in Sources */ = {isa = PBXBuildFile; fileRef = D00B187129BA2D70006A2D84 /* MonitorView.swift */; };
		D0D8BA1129E0A6A000ECDDFA /* BingResponse.swift in Sources */ = {isa = PBXBuildFile; fileRef = D0D8BA1029E0A6A000ECDDFA /* BingResponse.swift */; };
		D0D8BA1429E0D8EF00ECDDFA /* Monitor.swift in Sources */ = {isa = PBXBuildFile; fileRef = D0D8BA1329E0D8EF00ECDDFA /* Monitor.swift */; };
/* End PBXBuildFile section */

/* Begin PBXFileReference section */
		8442E5FB28F33B560002AEE0 /* LocationSimulation.gpx */ = {isa = PBXFileReference; lastKnownFileType = text.xml; path = LocationSimulation.gpx; sourceTree = "<group>"; };
		84CBE8E728E7356A0093681A /* GPS Speed Limit Monitor.app */ = {isa = PBXFileReference; explicitFileType = wrapper.application; includeInIndex = 0; path = "GPS Speed Limit Monitor.app"; sourceTree = BUILT_PRODUCTS_DIR; };
		84CBE8EA28E7356A0093681A /* GPS_Speed_Limit_MonitorApp.swift */ = {isa = PBXFileReference; lastKnownFileType = sourcecode.swift; path = GPS_Speed_Limit_MonitorApp.swift; sourceTree = "<group>"; };
		84CBE8EC28E7356A0093681A /* ContentView.swift */ = {isa = PBXFileReference; lastKnownFileType = sourcecode.swift; path = ContentView.swift; sourceTree = "<group>"; };
		84CBE8EE28E7356D0093681A /* Assets.xcassets */ = {isa = PBXFileReference; lastKnownFileType = folder.assetcatalog; path = Assets.xcassets; sourceTree = "<group>"; };
		84CBE8F128E7356D0093681A /* Preview Assets.xcassets */ = {isa = PBXFileReference; lastKnownFileType = folder.assetcatalog; path = "Preview Assets.xcassets"; sourceTree = "<group>"; };
		D00B187129BA2D70006A2D84 /* MonitorView.swift */ = {isa = PBXFileReference; lastKnownFileType = sourcecode.swift; path = MonitorView.swift; sourceTree = "<group>"; };
		D0D8BA1029E0A6A000ECDDFA /* BingResponse.swift */ = {isa = PBXFileReference; lastKnownFileType = sourcecode.swift; path = BingResponse.swift; sourceTree = "<group>"; };
		D0D8BA1229E0AB9000ECDDFA /* GPS-Speed-Limit-Monitor-Info.plist */ = {isa = PBXFileReference; lastKnownFileType = text.plist; path = "GPS-Speed-Limit-Monitor-Info.plist"; sourceTree = SOURCE_ROOT; };
		D0D8BA1329E0D8EF00ECDDFA /* Monitor.swift */ = {isa = PBXFileReference; lastKnownFileType = sourcecode.swift; path = Monitor.swift; sourceTree = "<group>"; };
/* End PBXFileReference section */

/* Begin PBXFrameworksBuildPhase section */
		84CBE8E428E7356A0093681A /* Frameworks */ = {
			isa = PBXFrameworksBuildPhase;
			buildActionMask = 2147483647;
			files = (
			);
			runOnlyForDeploymentPostprocessing = 0;
		};
/* End PBXFrameworksBuildPhase section */

/* Begin PBXGroup section */
		84CBE8DE28E7356A0093681A = {
			isa = PBXGroup;
			children = (
				84CBE8E928E7356A0093681A /* GPS Speed Limit Monitor */,
				84CBE8E828E7356A0093681A /* Products */,
			);
			sourceTree = "<group>";
		};
		84CBE8E828E7356A0093681A /* Products */ = {
			isa = PBXGroup;
			children = (
				84CBE8E728E7356A0093681A /* GPS Speed Limit Monitor.app */,
			);
			name = Products;
			sourceTree = "<group>";
		};
		84CBE8E928E7356A0093681A /* GPS Speed Limit Monitor */ = {
			isa = PBXGroup;
			children = (
				D0D8BA1229E0AB9000ECDDFA /* GPS-Speed-Limit-Monitor-Info.plist */,
				84CBE8EA28E7356A0093681A /* GPS_Speed_Limit_MonitorApp.swift */,
				84CBE8EC28E7356A0093681A /* ContentView.swift */,
				D0D8BA1329E0D8EF00ECDDFA /* Monitor.swift */,
				D0D8BA1029E0A6A000ECDDFA /* BingResponse.swift */,
				D00B187129BA2D70006A2D84 /* MonitorView.swift */,
				8442E5FB28F33B560002AEE0 /* LocationSimulation.gpx */,
				84CBE8EE28E7356D0093681A /* Assets.xcassets */,
				84CBE8F028E7356D0093681A /* Preview Content */,
			);
			path = "GPS Speed Limit Monitor";
			sourceTree = "<group>";
		};
		84CBE8F028E7356D0093681A /* Preview Content */ = {
			isa = PBXGroup;
			children = (
				84CBE8F128E7356D0093681A /* Preview Assets.xcassets */,
			);
			path = "Preview Content";
			sourceTree = "<group>";
		};
/* End PBXGroup section */

/* Begin PBXNativeTarget section */
		84CBE8E628E7356A0093681A /* GPS Speed Limit Monitor */ = {
			isa = PBXNativeTarget;
			buildConfigurationList = 84CBE8F528E7356D0093681A /* Build configuration list for PBXNativeTarget "GPS Speed Limit Monitor" */;
			buildPhases = (
				84CBE8E328E7356A0093681A /* Sources */,
				84CBE8E428E7356A0093681A /* Frameworks */,
				84CBE8E528E7356A0093681A /* Resources */,
			);
			buildRules = (
			);
			dependencies = (
			);
			name = "GPS Speed Limit Monitor";
			productName = "GPS Speed Limit Monitor";
			productReference = 84CBE8E728E7356A0093681A /* GPS Speed Limit Monitor.app */;
			productType = "com.apple.product-type.application";
		};
/* End PBXNativeTarget section */

/* Begin PBXProject section */
		84CBE8DF28E7356A0093681A /* Project object */ = {
			isa = PBXProject;
			attributes = {
				BuildIndependentTargetsInParallel = 1;
				LastSwiftUpdateCheck = 1400;
				LastUpgradeCheck = 1400;
				TargetAttributes = {
					84CBE8E628E7356A0093681A = {
						CreatedOnToolsVersion = 14.0;
					};
				};
			};
			buildConfigurationList = 84CBE8E228E7356A0093681A /* Build configuration list for PBXProject "GPS Speed Limit Monitor" */;
			compatibilityVersion = "Xcode 14.0";
			developmentRegion = en;
			hasScannedForEncodings = 0;
			knownRegions = (
				en,
				Base,
			);
			mainGroup = 84CBE8DE28E7356A0093681A;
			productRefGroup = 84CBE8E828E7356A0093681A /* Products */;
			projectDirPath = "";
			projectRoot = "";
			targets = (
				84CBE8E628E7356A0093681A /* GPS Speed Limit Monitor */,
			);
		};
/* End PBXProject section */

/* Begin PBXResourcesBuildPhase section */
		84CBE8E528E7356A0093681A /* Resources */ = {
			isa = PBXResourcesBuildPhase;
			buildActionMask = 2147483647;
			files = (
				84CBE8F228E7356D0093681A /* Preview Assets.xcassets in Resources */,
				84CBE8EF28E7356D0093681A /* Assets.xcassets in Resources */,
			);
			runOnlyForDeploymentPostprocessing = 0;
		};
/* End PBXResourcesBuildPhase section */

/* Begin PBXSourcesBuildPhase section */
		84CBE8E328E7356A0093681A /* Sources */ = {
			isa = PBXSourcesBuildPhase;
			buildActionMask = 2147483647;
			files = (
				84CBE8ED28E7356A0093681A /* ContentView.swift in Sources */,
				D0D8BA1429E0D8EF00ECDDFA /* Monitor.swift in Sources */,
				D0D8BA1129E0A6A000ECDDFA /* BingResponse.swift in Sources */,
				D00B187229BA2D70006A2D84 /* MonitorView.swift in Sources */,
				84CBE8EB28E7356A0093681A /* GPS_Speed_Limit_MonitorApp.swift in Sources */,
			);
			runOnlyForDeploymentPostprocessing = 0;
		};
/* End PBXSourcesBuildPhase section */

/* Begin XCBuildConfiguration section */
		84CBE8F328E7356D0093681A /* Debug */ = {
			isa = XCBuildConfiguration;
			buildSettings = {
				ALWAYS_SEARCH_USER_PATHS = NO;
				CLANG_ANALYZER_NONNULL = YES;
				CLANG_ANALYZER_NUMBER_OBJECT_CONVERSION = YES_AGGRESSIVE;
				CLANG_CXX_LANGUAGE_STANDARD = "gnu++20";
				CLANG_ENABLE_MODULES = YES;
				CLANG_ENABLE_OBJC_ARC = YES;
				CLANG_ENABLE_OBJC_WEAK = YES;
				CLANG_WARN_BLOCK_CAPTURE_AUTORELEASING = YES;
				CLANG_WARN_BOOL_CONVERSION = YES;
				CLANG_WARN_COMMA = YES;
				CLANG_WARN_CONSTANT_CONVERSION = YES;
				CLANG_WARN_DEPRECATED_OBJC_IMPLEMENTATIONS = YES;
				CLANG_WARN_DIRECT_OBJC_ISA_USAGE = YES_ERROR;
				CLANG_WARN_DOCUMENTATION_COMMENTS = YES;
				CLANG_WARN_EMPTY_BODY = YES;
				CLANG_WARN_ENUM_CONVERSION = YES;
				CLANG_WARN_INFINITE_RECURSION = YES;
				CLANG_WARN_INT_CONVERSION = YES;
				CLANG_WARN_NON_LITERAL_NULL_CONVERSION = YES;
				CLANG_WARN_OBJC_IMPLICIT_RETAIN_SELF = YES;
				CLANG_WARN_OBJC_LITERAL_CONVERSION = YES;
				CLANG_WARN_OBJC_ROOT_CLASS = YES_ERROR;
				CLANG_WARN_QUOTED_INCLUDE_IN_FRAMEWORK_HEADER = YES;
				CLANG_WARN_RANGE_LOOP_ANALYSIS = YES;
				CLANG_WARN_STRICT_PROTOTYPES = YES;
				CLANG_WARN_SUSPICIOUS_MOVE = YES;
				CLANG_WARN_UNGUARDED_AVAILABILITY = YES_AGGRESSIVE;
				CLANG_WARN_UNREACHABLE_CODE = YES;
				CLANG_WARN__DUPLICATE_METHOD_MATCH = YES;
				COPY_PHASE_STRIP = NO;
				DEBUG_INFORMATION_FORMAT = dwarf;
				ENABLE_STRICT_OBJC_MSGSEND = YES;
				ENABLE_TESTABILITY = YES;
				GCC_C_LANGUAGE_STANDARD = gnu11;
				GCC_DYNAMIC_NO_PIC = NO;
				GCC_NO_COMMON_BLOCKS = YES;
				GCC_OPTIMIZATION_LEVEL = 0;
				GCC_PREPROCESSOR_DEFINITIONS = (
					"DEBUG=1",
					"$(inherited)",
				);
				GCC_WARN_64_TO_32_BIT_CONVERSION = YES;
				GCC_WARN_ABOUT_RETURN_TYPE = YES_ERROR;
				GCC_WARN_UNDECLARED_SELECTOR = YES;
				GCC_WARN_UNINITIALIZED_AUTOS = YES_AGGRESSIVE;
				GCC_WARN_UNUSED_FUNCTION = YES;
				GCC_WARN_UNUSED_VARIABLE = YES;
				IPHONEOS_DEPLOYMENT_TARGET = 16.0;
				MTL_ENABLE_DEBUG_INFO = INCLUDE_SOURCE;
				MTL_FAST_MATH = YES;
				ONLY_ACTIVE_ARCH = YES;
				SDKROOT = iphoneos;
				SWIFT_ACTIVE_COMPILATION_CONDITIONS = DEBUG;
				SWIFT_OPTIMIZATION_LEVEL = "-Onone";
			};
			name = Debug;
		};
		84CBE8F428E7356D0093681A /* Release */ = {
			isa = XCBuildConfiguration;
			buildSettings = {
				ALWAYS_SEARCH_USER_PATHS = NO;
				CLANG_ANALYZER_NONNULL = YES;
				CLANG_ANALYZER_NUMBER_OBJECT_CONVERSION = YES_AGGRESSIVE;
				CLANG_CXX_LANGUAGE_STANDARD = "gnu++20";
				CLANG_ENABLE_MODULES = YES;
				CLANG_ENABLE_OBJC_ARC = YES;
				CLANG_ENABLE_OBJC_WEAK = YES;
				CLANG_WARN_BLOCK_CAPTURE_AUTORELEASING = YES;
				CLANG_WARN_BOOL_CONVERSION = YES;
				CLANG_WARN_COMMA = YES;
				CLANG_WARN_CONSTANT_CONVERSION = YES;
				CLANG_WARN_DEPRECATED_OBJC_IMPLEMENTATIONS = YES;
				CLANG_WARN_DIRECT_OBJC_ISA_USAGE = YES_ERROR;
				CLANG_WARN_DOCUMENTATION_COMMENTS = YES;
				CLANG_WARN_EMPTY_BODY = YES;
				CLANG_WARN_ENUM_CONVERSION = YES;
				CLANG_WARN_INFINITE_RECURSION = YES;
				CLANG_WARN_INT_CONVERSION = YES;
				CLANG_WARN_NON_LITERAL_NULL_CONVERSION = YES;
				CLANG_WARN_OBJC_IMPLICIT_RETAIN_SELF = YES;
				CLANG_WARN_OBJC_LITERAL_CONVERSION = YES;
				CLANG_WARN_OBJC_ROOT_CLASS = YES_ERROR;
				CLANG_WARN_QUOTED_INCLUDE_IN_FRAMEWORK_HEADER = YES;
				CLANG_WARN_RANGE_LOOP_ANALYSIS = YES;
				CLANG_WARN_STRICT_PROTOTYPES = YES;
				CLANG_WARN_SUSPICIOUS_MOVE = YES;
				CLANG_WARN_UNGUARDED_AVAILABILITY = YES_AGGRESSIVE;
				CLANG_WARN_UNREACHABLE_CODE = YES;
				CLANG_WARN__DUPLICATE_METHOD_MATCH = YES;
				COPY_PHASE_STRIP = NO;
				DEBUG_INFORMATION_FORMAT = "dwarf-with-dsym";
				ENABLE_NS_ASSERTIONS = NO;
				ENABLE_STRICT_OBJC_MSGSEND = YES;
				GCC_C_LANGUAGE_STANDARD = gnu11;
				GCC_NO_COMMON_BLOCKS = YES;
				GCC_WARN_64_TO_32_BIT_CONVERSION = YES;
				GCC_WARN_ABOUT_RETURN_TYPE = YES_ERROR;
				GCC_WARN_UNDECLARED_SELECTOR = YES;
				GCC_WARN_UNINITIALIZED_AUTOS = YES_AGGRESSIVE;
				GCC_WARN_UNUSED_FUNCTION = YES;
				GCC_WARN_UNUSED_VARIABLE = YES;
				IPHONEOS_DEPLOYMENT_TARGET = 16.0;
				MTL_ENABLE_DEBUG_INFO = NO;
				MTL_FAST_MATH = YES;
				SDKROOT = iphoneos;
				SWIFT_COMPILATION_MODE = wholemodule;
				SWIFT_OPTIMIZATION_LEVEL = "-O";
				VALIDATE_PRODUCT = YES;
			};
			name = Release;
		};
		84CBE8F628E7356D0093681A /* Debug */ = {
			isa = XCBuildConfiguration;
			buildSettings = {
				ASSETCATALOG_COMPILER_APPICON_NAME = AppIcon;
				ASSETCATALOG_COMPILER_GLOBAL_ACCENT_COLOR_NAME = AccentColor;
				CODE_SIGN_STYLE = Automatic;
				CURRENT_PROJECT_VERSION = 1;
				DEVELOPMENT_ASSET_PATHS = "\"GPS Speed Limit Monitor/Preview Content\"";
				ENABLE_PREVIEWS = YES;
				GENERATE_INFOPLIST_FILE = YES;
				INFOPLIST_FILE = "GPS-Speed-Limit-Monitor-Info.plist";
				INFOPLIST_KEY_NSLocationAlwaysAndWhenInUseUsageDescription = "need location";
				INFOPLIST_KEY_NSLocationWhenInUseUsageDescription = "need location";
				INFOPLIST_KEY_UIApplicationSceneManifest_Generation = YES;
				INFOPLIST_KEY_UIApplicationSupportsIndirectInputEvents = YES;
				INFOPLIST_KEY_UILaunchScreen_Generation = YES;
				INFOPLIST_KEY_UISupportedInterfaceOrientations_iPad = "UIInterfaceOrientationPortrait UIInterfaceOrientationPortraitUpsideDown UIInterfaceOrientationLandscapeLeft UIInterfaceOrientationLandscapeRight";
				INFOPLIST_KEY_UISupportedInterfaceOrientations_iPhone = "UIInterfaceOrientationPortrait UIInterfaceOrientationLandscapeLeft UIInterfaceOrientationLandscapeRight";
				LD_RUNPATH_SEARCH_PATHS = (
					"$(inherited)",
					"@executable_path/Frameworks",
				);
				MARKETING_VERSION = 1.0;
				PRODUCT_BUNDLE_IDENTIFIER = "me.GPS-Speed-Limit-Monitor";
				PRODUCT_NAME = "$(TARGET_NAME)";
				SWIFT_EMIT_LOC_STRINGS = YES;
				SWIFT_VERSION = 5.0;
				TARGETED_DEVICE_FAMILY = "1,2";
			};
			name = Debug;
		};
		84CBE8F728E7356D0093681A /* Release */ = {
			isa = XCBuildConfiguration;
			buildSettings = {
				ASSETCATALOG_COMPILER_APPICON_NAME = AppIcon;
				ASSETCATALOG_COMPILER_GLOBAL_ACCENT_COLOR_NAME = AccentColor;
				CODE_SIGN_STYLE = Automatic;
				CURRENT_PROJECT_VERSION = 1;
				DEVELOPMENT_ASSET_PATHS = "\"GPS Speed Limit Monitor/Preview Content\"";
				ENABLE_PREVIEWS = YES;
				GENERATE_INFOPLIST_FILE = YES;
				INFOPLIST_FILE = "GPS-Speed-Limit-Monitor-Info.plist";
				INFOPLIST_KEY_NSLocationAlwaysAndWhenInUseUsageDescription = "need location";
				INFOPLIST_KEY_NSLocationWhenInUseUsageDescription = "need location";
				INFOPLIST_KEY_UIApplicationSceneManifest_Generation = YES;
				INFOPLIST_KEY_UIApplicationSupportsIndirectInputEvents = YES;
				INFOPLIST_KEY_UILaunchScreen_Generation = YES;
				INFOPLIST_KEY_UISupportedInterfaceOrientations_iPad = "UIInterfaceOrientationPortrait UIInterfaceOrientationPortraitUpsideDown UIInterfaceOrientationLandscapeLeft UIInterfaceOrientationLandscapeRight";
				INFOPLIST_KEY_UISupportedInterfaceOrientations_iPhone = "UIInterfaceOrientationPortrait UIInterfaceOrientationLandscapeLeft UIInterfaceOrientationLandscapeRight";
				LD_RUNPATH_SEARCH_PATHS = (
					"$(inherited)",
					"@executable_path/Frameworks",
				);
				MARKETING_VERSION = 1.0;
				PRODUCT_BUNDLE_IDENTIFIER = "me.GPS-Speed-Limit-Monitor";
				PRODUCT_NAME = "$(TARGET_NAME)";
				SWIFT_EMIT_LOC_STRINGS = YES;
				SWIFT_VERSION = 5.0;
				TARGETED_DEVICE_FAMILY = "1,2";
			};
			name = Release;
		};
/* End XCBuildConfiguration section */

/* Begin XCConfigurationList section */
		84CBE8E228E7356A0093681A /* Build configuration list for PBXProject "GPS Speed Limit Monitor" */ = {
			isa = XCConfigurationList;
			buildConfigurations = (
				84CBE8F328E7356D0093681A /* Debug */,
				84CBE8F428E7356D0093681A /* Release */,
			);
			defaultConfigurationIsVisible = 0;
			defaultConfigurationName = Release;
		};
		84CBE8F528E7356D0093681A /* Build configuration list for PBXNativeTarget "GPS Speed Limit Monitor" */ = {
			isa = XCConfigurationList;
			buildConfigurations = (
				84CBE8F628E7356D0093681A /* Debug */,
				84CBE8F728E7356D0093681A /* Release */,
			);
			defaultConfigurationIsVisible = 0;
			defaultConfigurationName = Release;
		};
/* End XCConfigurationList section */
	};
	rootObject = 84CBE8DF28E7356A0093681A /* Project object */;
}
